# This file was autogenerated by Stack.
# You should not edit this file by hand.
# For more information, please see the documentation at:
#   https://docs.haskellstack.org/en/stable/lock_files

packages:
- completed:
    subdir: lubeck-core
    name: lubeck-core
    version: 0.1.0.0
    git: https://github.com/LubeckFRP/lubeck.git
    pantry-tree:
      size: 164
      sha256: 29ea24b7ad8d0e7bdb572cac62475bd6ef096fa2235826bb8758ac955a014f18
    commit: 2b6f5aa08f2eb298cd14e47edaa4b387f146e100
  original:
    subdir: lubeck-core
    git: https://github.com/LubeckFRP/lubeck.git
    commit: 2b6f5aa08f2eb298cd14e47edaa4b387f146e100
- completed:
    subdir: lubeck-frp
    name: lubeck-frp
    version: 0.1.0.0
    git: https://github.com/LubeckFRP/lubeck.git
    pantry-tree:
      size: 490
      sha256: c837703345ae41beb9f66f226a22cc48356797aa49f10d18937a1cde3593af2d
    commit: 2b6f5aa08f2eb298cd14e47edaa4b387f146e100
  original:
    subdir: lubeck-frp
    git: https://github.com/LubeckFRP/lubeck.git
    commit: 2b6f5aa08f2eb298cd14e47edaa4b387f146e100
- completed:
    subdir: lubeck-drawing
    name: lubeck-drawing
    version: 0.1.0.0
    git: https://github.com/LubeckFRP/lubeck.git
    pantry-tree:
      size: 1294
      sha256: 3f841cfc88a7a26df7239e2ab5eaca0679715ce50df3109971ed12825deca414
    commit: 2b6f5aa08f2eb298cd14e47edaa4b387f146e100
  original:
    subdir: lubeck-drawing
    git: https://github.com/LubeckFRP/lubeck.git
    commit: 2b6f5aa08f2eb298cd14e47edaa4b387f146e100
- completed:
    subdir: lubeck-dv
    name: lubeck-dv
    version: 0.1.0.0
    git: https://github.com/LubeckFRP/lubeck.git
    pantry-tree:
      size: 1137
      sha256: 284b59624588eb6bf8d1e067ba9d709c91fd7ae06721a426f610c57962ab82aa
    commit: 2b6f5aa08f2eb298cd14e47edaa4b387f146e100
  original:
    subdir: lubeck-dv
    git: https://github.com/LubeckFRP/lubeck.git
    commit: 2b6f5aa08f2eb298cd14e47edaa4b387f146e100
- completed:
    subdir: lubeck-web
    name: lubeck-web
    version: 0.1.0.0
    git: https://github.com/LubeckFRP/lubeck.git
    pantry-tree:
      size: 1414
      sha256: 272059939bda27668f47d21f99919d1821de6cb91db1feb72e29003d5b5dea48
    commit: 2b6f5aa08f2eb298cd14e47edaa4b387f146e100
  original:
    subdir: lubeck-web
    git: https://github.com/LubeckFRP/lubeck.git
    commit: 2b6f5aa08f2eb298cd14e47edaa4b387f146e100
- completed:
    name: ghcjs-ffiqq
    version: 0.1.0.0
    git: https://github.com/ghcjs/ghcjs-ffiqq.git
    pantry-tree:
      size: 374
      sha256: 68f723dc4157f26a7ae1d67065b707b3c40dbf9058721a93b069f42d73b09045
    commit: da31b18582542fcfceade5ef6b2aca66662b9e20
  original:
    git: https://github.com/ghcjs/ghcjs-ffiqq.git
    commit: da31b18582542fcfceade5ef6b2aca66662b9e20
- completed:
    name: virtual-dom
    version: 0.1.0.0
    git: https://github.com/EugeneN/virtual-dom.git
    pantry-tree:
      size: 1158
      sha256: e7912a50b04c20e276d034cafac658b5b35a45975a55752a118d0ce0b1e1b6a8
    commit: ef22d73f79b9ae60fc2d182c098f2a777071b0f2
  original:
    git: https://github.com/EugeneN/virtual-dom.git
    commit: ef22d73f79b9ae60fc2d182c098f2a777071b0f2
- completed:
    name: data-interval
    version: 1.2.1
    git: https://github.com/msakai/data-interval.git
    pantry-tree:
      size: 684
      sha256: 453fc6aaef17181cff202dc3be349fd25baf1f7e9674c9a55f3cef9143b78fe5
    commit: f57e950e53e5499f1cbc2609382521bf52105b5e
  original:
    git: https://github.com/msakai/data-interval.git
    commit: f57e950e53e5499f1cbc2609382521bf52105b5e
- completed:
    name: extended-reals
    version: 0.2.2.0
    git: https://github.com/msakai/extended-reals.git
    pantry-tree:
      size: 496
      sha256: c3bc313e9cfdecffdd937e579dd17f99594df5a5fbb13e8c901afd7dc41dc0bb
    commit: c724f6fcece279873354f576b9099579cb42f8ec
  original:
    git: https://github.com/msakai/extended-reals.git
    commit: c724f6fcece279873354f576b9099579cb42f8ec
- completed:
    name: ghcjs-base
    version: 0.2.0.0
    git: https://github.com/EugeneN/ghcjs-base.git
    pantry-tree:
      size: 7911
      sha256: 9ac774e8c72bca68365a06eaefcc2e5aaaf21eed460bc4f3f7f852de5ba80f57
    commit: a5e3eaefdceacbc20446067132bb4fd8663ab4d3
  original:
    git: https://github.com/EugeneN/ghcjs-base.git
    commit: a5e3eaefdceacbc20446067132bb4fd8663ab4d3
- completed:
    name: benchmark
    version: 0.1.0.0
    git: https://github.com/BeautifulDestinations/benchmark-hs.git
    pantry-tree:
      size: 600
      sha256: a84630fb62bdc25e45c1203be967b86f40176aa46f098353bc195cb6446d6c92
    commit: dab13ed9e822dedf7ef80e16252be2be167e188b
  original:
    git: https://github.com/BeautifulDestinations/benchmark-hs.git
    commit: dab13ed9e822dedf7ef80e16252be2be167e188b
- completed:
    hackage: rosezipper-0.2@sha256:aeff4e712360c5665747905381982a0765ba2c3831e352e8caeb951fc8c107b7,550
    pantry-tree:
      size: 213
      sha256: f2dc5b8e64cc401a763a168b777783f86e6ebf69f4f55ec52b5f2628271a93af
  original:
    hackage: rosezipper-0.2@sha256:aeff4e712360c5665747905381982a0765ba2c3831e352e8caeb951fc8c107b7
snapshots:
- completed:
    size: 285826
    url: https://raw.githubusercontent.com/commercialhaskell/stackage-snapshots/master/lts/3/20.yaml
    sha256: 9a7ff9a20f50a840478e89dcc2e846c9e1362dc7a3d4ee5f72bfe53e6b8d9720
  original: lts-3.20
